
Microsoft Visual Studio Solution File, Format Version 12.00
# Visual Studio Version 16
VisualStudioVersion = 16.0.30320.27
MinimumVisualStudioVersion = 10.0.40219.1
Project("{FAE04EC0-301F-11D3-BF4B-00C04F79EFBC}") = "01_Types", "01_Types\01_Types.csproj", "{920B6EC2-3001-471D-9A67-D6588AA058BF}"
EndProject
Project("{FAE04EC0-301F-11D3-BF4B-00C04F79EFBC}") = "02_Conditionals", "02_Conditionals\02_Conditionals.csproj", "{DDF4F88F-2338-4B5E-B7F0-F0AC07D641B2}"
EndProject
Project("{FAE04EC0-301F-11D3-BF4B-00C04F79EFBC}") = "03_Loops", "03_Loops\03_Loops.csproj", "{1BF498BB-2BCC-4A82-98EB-FF320644D905}"
EndProject
Project("{FAE04EC0-301F-11D3-BF4B-00C04F79EFBC}") = "04_Methods", "04_Methods\04_Methods.csproj", "{0C4D22AA-A5F5-4D08-84BF-A5C10ABC7417}"
EndProject
Project("{FAE04EC0-301F-11D3-BF4B-00C04F79EFBC}") = "05_Classes", "05_Classes\05_Classes.csproj", "{3735353C-B94A-45AE-978B-634C70712F4B}"
EndProject
Global
	GlobalSection(SolutionConfigurationPlatforms) = preSolution
		Debug|Any CPU = Debug|Any CPU
		Release|Any CPU = Release|Any CPU
	EndGlobalSection
	GlobalSection(ProjectConfigurationPlatforms) = postSolution
		{920B6EC2-3001-471D-9A67-D6588AA058BF}.Debug|Any CPU.ActiveCfg = Debug|Any CPU
		{920B6EC2-3001-471D-9A67-D6588AA058BF}.Debug|Any CPU.Build.0 = Debug|Any CPU
		{920B6EC2-3001-471D-9A67-D6588AA058BF}.Release|Any CPU.ActiveCfg = Release|Any CPU
		{920B6EC2-3001-471D-9A67-D6588AA058BF}.Release|Any CPU.Build.0 = Release|Any CPU
		{DDF4F88F-2338-4B5E-B7F0-F0AC07D641B2}.Debug|Any CPU.ActiveCfg = Debug|Any CPU
		{DDF4F88F-2338-4B5E-B7F0-F0AC07D641B2}.Debug|Any CPU.Build.0 = Debug|Any CPU
		{DDF4F88F-2338-4B5E-B7F0-F0AC07D641B2}.Release|Any CPU.ActiveCfg = Release|Any CPU
		{DDF4F88F-2338-4B5E-B7F0-F0AC07D641B2}.Release|Any CPU.Build.0 = Release|Any CPU
		{1BF498BB-2BCC-4A82-98EB-FF320644D905}.Debug|Any CPU.ActiveCfg = Debug|Any CPU
		{1BF498BB-2BCC-4A82-98EB-FF320644D905}.Debug|Any CPU.Build.0 = Debug|Any CPU
		{1BF498BB-2BCC-4A82-98EB-FF320644D905}.Release|Any CPU.ActiveCfg = Release|Any CPU
		{1BF498BB-2BCC-4A82-98EB-FF320644D905}.Release|Any CPU.Build.0 = Release|Any CPU
		{0C4D22AA-A5F5-4D08-84BF-A5C10ABC7417}.Debug|Any CPU.ActiveCfg = Debug|Any CPU
		{0C4D22AA-A5F5-4D08-84BF-A5C10ABC7417}.Debug|Any CPU.Build.0 = Debug|Any CPU
		{0C4D22AA-A5F5-4D08-84BF-A5C10ABC7417}.Release|Any CPU.ActiveCfg = Release|Any CPU
		{0C4D22AA-A5F5-4D08-84BF-A5C10ABC7417}.Release|Any CPU.Build.0 = Release|Any CPU
		{3735353C-B94A-45AE-978B-634C70712F4B}.Debug|Any CPU.ActiveCfg = Debug|Any CPU
		{3735353C-B94A-45AE-978B-634C70712F4B}.Debug|Any CPU.Build.0 = Debug|Any CPU
		{3735353C-B94A-45AE-978B-634C70712F4B}.Release|Any CPU.ActiveCfg = Release|Any CPU
		{3735353C-B94A-45AE-978B-634C70712F4B}.Release|Any CPU.Build.0 = Release|Any CPU
	EndGlobalSection
	GlobalSection(SolutionProperties) = preSolution
		HideSolutionNode = FALSE
	EndGlobalSection
	GlobalSection(ExtensibilityGlobals) = postSolution
		SolutionGuid = {43BDD8E6-0901-4711-9FCB-7754D89F73FF}
	EndGlobalSection
EndGlobal
